#MicroXplorer Configuration settings - do not modify
Mcu.Family=STM32F0
VP_RTC_VS_RTC_Activate.Signal=RTC_VS_RTC_Activate
ProjectManager.MainLocation=Src
RCC.MCOFreq_Value=48000000
PA6.Mode=Full_Duplex_Master
RCC.USART1Freq_Value=48000000
ProjectManager.ProjectFileName=iomap-revE.ioc
PA7.Mode=Full_Duplex_Master
ProjectManager.KeepUserCode=true
PA10.Mode=Asynchronous
Mcu.UserName=STM32F030C8Tx
Mcu.PinsNb=18
SPI1.VirtualType=VM_MASTER
ProjectManager.NoMain=false
SPI1.IPParameters=TIMode,DataSize,FirstBit,BaudRatePrescaler,CLKPolarity,CLKPhase,CRCCalculation,NSSPMode,VirtualType,Mode,Direction,CalculateBaudRate,VirtualNSS
USART1.BaudRate=115200
RCC.PLLCLKFreq_Value=48000000
USART1.RxPinLevelInvertParam=ADVFEATURE_RXINV_DISABLE
USART1.WordLength=WORDLENGTH_8B
PA3.GPIO_PuPd=GPIO_PULLDOWN
PA0.GPIO_Label=BUT_CAL
ProjectManager.functionlistsort=1-MX_GPIO_Init-GPIO-false-HAL-true,2-SystemClock_Config-RCC-false-HAL-false,3-MX_SPI1_Init-SPI1-false-HAL-true,4-MX_USART1_UART_Init-USART1-false-LL-true
VP_RTC_VS_RTC_Activate.Mode=RTC_Enabled
PA3.GPIOParameters=GPIO_PuPd,GPIO_Label
ProjectManager.DefaultFWLocation=true
PB0.GPIO_Label=LED_R
SPI1.CLKPhase=SPI_PHASE_1EDGE
NVIC.SVC_IRQn=true\:0\:0\:false\:false\:true\:false\:false
ProjectManager.DeletePrevious=true
PF1-OSC_OUT.Locked=true
PF0-OSC_IN.PinState=GPIO_PIN_SET
USART1.IPParameters=BaudRate,WordLength,Parity,StopBits,Mode,OverSampling,OneBitSampling,AutoBaudRateEnableParam,TxPinLevelInvertParam,RxPinLevelInvertParam,DataInvertParam,SwapParam,OverrunDisableParam,DMADisableonRxErrorParam,MSBFirstParam,VirtualMode-Asynchronous
SPI1.TIMode=SPI_TIMODE_DISABLE
PinOutPanel.RotationAngle=0
RCC.FamilyName=M
RCC.SYSCLKSource=RCC_SYSCLKSOURCE_PLLCLK
ProjectManager.StackSize=0x400
PB5.GPIOParameters=GPIO_PuPd,GPIO_Label
USART1.VirtualMode-Asynchronous=VM_ASYNC
PA13.Signal=SYS_SWDIO
Mcu.IP4=SYS
RCC.FCLKCortexFreq_Value=48000000
Mcu.IP5=USART1
Mcu.IP2=RTC
Mcu.IP3=SPI1
PB4.GPIOParameters=GPIO_PuPd,GPIO_Label
Mcu.IP0=NVIC
PA9.Mode=Asynchronous
Mcu.IP1=RCC
SPI1.CLKPolarity=SPI_POLARITY_LOW
USART1.StopBits=STOPBITS_1
USART1.TxPinLevelInvertParam=ADVFEATURE_TXINV_DISABLE
Mcu.UserConstants=
PA4.Mode=NSS_Signal_Hard_Output
ProjectManager.TargetToolchain=Makefile
PF0-OSC_IN.GPIO_PuPd=GPIO_PULLUP
Mcu.ThirdPartyNb=0
SPI1.Direction=SPI_DIRECTION_2LINES
RCC.HCLKFreq_Value=48000000
USART1.DataInvertParam=ADVFEATURE_DATAINV_DISABLE
RCC.FLatency=FLASH_LATENCY_1
Mcu.IPNb=6
ProjectManager.PreviousToolchain=
PF1-OSC_OUT.GPIO_PuPd=GPIO_PULLUP
PA9.Signal=USART1_TX
USART1.Parity=PARITY_NONE
PB5.Locked=true
SPI1.CalculateBaudRate=12.0 MBits/s
Mcu.Pin6=PA5
Mcu.Pin7=PA6
PB4.GPIO_PuPd=GPIO_PULLDOWN
Mcu.Pin8=PA7
Mcu.Pin9=PB0
PF1-OSC_OUT.GPIOParameters=PinState,GPIO_PuPd,GPIO_Label
PA1.GPIO_PuPd=GPIO_PULLUP
PA1.Signal=GPIO_Input
RCC.AHBFreq_Value=48000000
Mcu.Pin0=PF0-OSC_IN
Mcu.Pin1=PF1-OSC_OUT
GPIO.groupedBy=
Mcu.Pin2=PA0
Mcu.Pin3=PA1
Mcu.Pin4=PA3
Mcu.Pin5=PA4
PA5.Signal=SPI1_SCK
ProjectManager.ProjectBuild=false
PA0.Locked=true
PF0-OSC_IN.GPIO_Label=OLED_RST
board=custom
PA4.Locked=true
NVIC.SysTick_IRQn=true\:0\:0\:false\:false\:true\:false\:true
ProjectManager.LastFirmware=true
RCC.PLLMUL=RCC_PLL_MUL12
NVIC.SPI1_IRQn=true\:0\:0\:false\:false\:true\:true\:true
ProjectManager.FirmwarePackage=STM32Cube FW_F0 V1.11.0
MxDb.Version=DB.5.0.60
PB0.GPIOParameters=GPIO_PuPd,GPIO_Label
SPI1.CRCCalculation=SPI_CRCCALCULATION_DISABLE
PA1.GPIOParameters=GPIO_PuPd,GPIO_Label
ProjectManager.BackupPrevious=false
MxCube.Version=5.6.1
PB4.GPIO_Label=LED_G
USART1.Mode=MODE_TX_RX
SPI1.Mode=SPI_MODE_MASTER
PA14.Mode=Serial_Wire
PF0-OSC_IN.Locked=true
USART1.OverrunDisableParam=ADVFEATURE_OVERRUN_ENABLE
SPI1.DataSize=SPI_DATASIZE_8BIT
File.Version=6
PF1-OSC_OUT.GPIO_Label=OLED_DC
PA1.GPIO_Label=BUT_SELECT
VP_SYS_VS_Systick.Mode=SysTick
NVIC.NonMaskableInt_IRQn=true\:0\:0\:false\:false\:true\:false\:false
SPI1.VirtualNSS=VM_NSSHARD
NVIC.PendSV_IRQn=true\:0\:0\:false\:false\:true\:false\:false
SPI1.FirstBit=SPI_FIRSTBIT_MSB
PA13.Mode=Serial_Wire
ProjectManager.FreePins=true
RCC.IPParameters=AHBFreq_Value,APB1Freq_Value,APB1TimFreq_Value,FCLKCortexFreq_Value,FLatency,FamilyName,HCLKFreq_Value,MCOFreq_Value,PLLCLKFreq_Value,PLLMCOFreq_Value,PLLMUL,SYSCLKFreq_VALUE,SYSCLKSource,TimSysFreq_Value,USART1Freq_Value
ProjectManager.AskForMigrate=true
Mcu.Name=STM32F030C8Tx
ProjectManager.HalAssertFull=false
PB0.Locked=true
SPI1.NSSPMode=SPI_NSS_PULSE_ENABLE
ProjectManager.ProjectName=iomap-revE
ProjectManager.UnderRoot=false
PA0.Signal=GPIO_Input
RCC.PLLMCOFreq_Value=24000000
ProjectManager.CoupleFile=true
PB4.Locked=true
PA4.Signal=SPI1_NSS
RCC.SYSCLKFreq_VALUE=48000000
Mcu.Package=LQFP48
PB5.Signal=GPIO_Output
USART1.OverSampling=UART_OVERSAMPLING_16
PA6.Signal=SPI1_MISO
RCC.TimSysFreq_Value=48000000
PA1.Locked=true
PA3.Locked=true
NVIC.ForceEnableDMAVector=true
KeepUserPlacement=false
USART1.AutoBaudRateEnableParam=UART_ADVFEATURE_AUTOBAUDRATE_DISABLE
PB5.GPIO_PuPd=GPIO_PULLDOWN
PA13.Locked=true
ProjectManager.CompilerOptimize=6
PA0.GPIO_PuPd=GPIO_PULLUP
ProjectManager.ToolChainLocation=
VP_SYS_VS_Systick.Signal=SYS_VS_Systick
USART1.MSBFirstParam=ADVFEATURE_MSBFIRST_DISABLE
PA10.Signal=USART1_RX
PA14.Signal=SYS_SWCLK
ProjectManager.HeapSize=0x200
PA0.GPIOParameters=GPIO_PuPd,GPIO_Label
Mcu.Pin15=PB5
NVIC.HardFault_IRQn=true\:0\:0\:false\:false\:true\:false\:false
Mcu.Pin16=VP_RTC_VS_RTC_Activate
Mcu.Pin13=PA14
Mcu.Pin14=PB4
USART1.DMADisableonRxErrorParam=ADVFEATURE_DMA_ENABLEONRXERROR
ProjectManager.ComputerToolchain=false
Mcu.Pin17=VP_SYS_VS_Systick
Mcu.Pin11=PA10
Mcu.Pin12=PA13
PB5.GPIO_Label=LED_B
Mcu.Pin10=PA9
RCC.APB1TimFreq_Value=48000000
PF0-OSC_IN.Signal=GPIO_Output
USART1.OneBitSampling=UART_ONE_BIT_SAMPLE_DISABLE
PF0-OSC_IN.GPIOParameters=PinState,GPIO_PuPd,GPIO_Label
NVIC.USART1_IRQn=true\:0\:0\:false\:false\:true\:true\:true
RCC.APB1Freq_Value=48000000
SPI1.BaudRatePrescaler=SPI_BAUDRATEPRESCALER_4
PB0.Signal=GPIO_Output
USART1.SwapParam=ADVFEATURE_SWAP_DISABLE
ProjectManager.CustomerFirmwarePackage=
ProjectManager.DeviceId=STM32F030C8Tx
PF1-OSC_OUT.Signal=GPIO_Output
ProjectManager.LibraryCopy=0
PB0.GPIO_PuPd=GPIO_PULLDOWN
PB4.Signal=GPIO_Output
PA3.GPIO_Label=PIEZO
PA3.Signal=GPIO_Output
PA5.Mode=Full_Duplex_Master
PF1-OSC_OUT.PinState=GPIO_PIN_SET
PA7.Signal=SPI1_MOSI
